
Microsoft Visual Studio Solution File, Format Version 12.00
# Visual Studio Version 17
VisualStudioVersion = 17.14.36408.4 d17.14
MinimumVisualStudioVersion = 10.0.40219.1
Project("{FAE04EC0-301F-11D3-BF4B-00C04F79EFBC}") = "Assignment 1", "Assignment 1.csproj", "{AE18943E-C8C1-4A5A-BD33-85C1E2110864}"
EndProject
Global
	GlobalSection(SolutionConfigurationPlatforms) = preSolution
		Debug|Any CPU = Debug|Any CPU
		Release|Any CPU = Release|Any CPU
	EndGlobalSection
	GlobalSection(ProjectConfigurationPlatforms) = postSolution
		{AE18943E-C8C1-4A5A-BD33-85C1E2110864}.Debug|Any CPU.ActiveCfg = Debug|Any CPU
		{AE18943E-C8C1-4A5A-BD33-85C1E2110864}.Debug|Any CPU.Build.0 = Debug|Any CPU
		{AE18943E-C8C1-4A5A-BD33-85C1E2110864}.Release|Any CPU.ActiveCfg = Release|Any CPU
		{AE18943E-C8C1-4A5A-BD33-85C1E2110864}.Release|Any CPU.Build.0 = Release|Any CPU
	EndGlobalSection
	GlobalSection(SolutionProperties) = preSolution
		HideSolutionNode = FALSE
	EndGlobalSection
	GlobalSection(ExtensibilityGlobals) = postSolution
		SolutionGuid = {94788AC0-40E2-4D84-BDC6-874E068264A4}
	EndGlobalSection
EndGlobal
